hash: d97da8ff0830d33c50cb566cf55630db474498303d51ada149a30be282fc23ad
updated: 2018-09-12T19:28:48.9889188+02:00
imports:
- name: github.com/aead/chacha20
  version: 8d6ce0550041f9d97e7f15ec27ed489f8bbbb0fb
  repo: https://github.com/aead/chacha20
  subpackages:
  - chacha
- name: github.com/aws/aws-sdk-go
  version: 628f99e2cda77dd323992ede8b05961b41f4352f
  subpackages:
  - aws
  - aws/awserr
  - aws/awsutil
  - aws/client
  - aws/client/metadata
  - aws/corehandlers
  - aws/credentials
  - aws/credentials/ec2rolecreds
  - aws/credentials/endpointcreds
  - aws/credentials/stscreds
  - aws/defaults
  - aws/ec2metadata
  - aws/endpoints
  - aws/request
  - aws/session
  - aws/signer/v4
  - internal/sdkrand
  - internal/shareddefaults
  - private/protocol
  - private/protocol/query
  - private/protocol/query/queryutil
  - private/protocol/rest
  - private/protocol/restxml
  - private/protocol/xml/xmlutil
  - service/route53
  - service/sts
- name: github.com/bifurcation/mint
  version: 64af8ab8ccb81bd5d4eab356f79ba0939117d9f6
  repo: https://github.com/bifurcation/mint
  subpackages:
  - syntax
- name: github.com/caddyserver/dnsproviders
  version: 7f5673b9f3e2f8bad31c8a1a42c0bf05a2596b14
  subpackages:
  - route53
- name: github.com/cheekybits/genny
  version: 9127e812e1e9e501ce899a18121d316ecb52e4ba
  subpackages:
  - generic
- name: github.com/docker/distribution
  version: 6fca8d6e6713acbdf3f9ca40cf6370fc5ee5ee53
  subpackages:
  - digestset
  - reference
- name: github.com/docker/docker
  version: caca40c8ecfc67dbb02c8eb95db2a5db4b8db10f
  subpackages:
  - api
  - api/types
  - api/types/blkiodev
  - api/types/container
  - api/types/events
  - api/types/filters
  - api/types/image
  - api/types/mount
  - api/types/network
  - api/types/registry
  - api/types/strslice
  - api/types/swarm
  - api/types/swarm/runtime
  - api/types/time
  - api/types/versions
  - api/types/volume
  - client
  - errdefs
- name: github.com/docker/go-connections
  version: 7395e3f8aa162843a74ed6d48e79627d9792ac55
  subpackages:
  - nat
  - sockets
  - tlsconfig
- name: github.com/docker/go-units
  version: 47565b4f722fb6ceae66b95f853feed578a4a51c
- name: github.com/dustin/go-humanize
  version: 259d2a102b871d17f30e3cd9881a642961a1e486
  repo: https://github.com/dustin/go-humanize
- name: github.com/flynn/go-shlex
  version: 3f9db97f856818214da2e1057f8ad84803971cff
  repo: https://github.com/flynn/go-shlex
- name: github.com/go-ini/ini
  version: a76e4b8c9ac73023bb88120b228cc33ebf4fc3b2
- name: github.com/gogo/protobuf
  version: d5bc08a2c4c572e9bcff820aa125fe38ac3a3a42
  subpackages:
  - proto
- name: github.com/google/uuid
  version: dec09d789f3dba190787f8b4454c7d3c936fed9e
  repo: https://github.com/google/uuid
- name: github.com/gorilla/websocket
  version: a69d9f6de432e2c6b296a947d8a5ee88f68522cf
  repo: https://github.com/gorilla/websocket
- name: github.com/hashicorp/go-syslog
  version: 326bf4a7f709d263f964a6a96558676b103f3534
  repo: https://github.com/hashicorp/go-syslog
- name: github.com/hashicorp/golang-lru
  version: 0a025b7e63adc15a622f29b0b2c4c3848243bbf6
  repo: https://github.com/hashicorp/golang-lru
  subpackages:
  - simplelru
- name: github.com/jimstudt/http-authentication
  version: 3eca13d6893afd7ecabe15f4445f5d2872a1b012
  repo: https://github.com/jimstudt/http-authentication
  subpackages:
  - basic
- name: github.com/jmespath/go-jmespath
  version: c2b33e8439af944379acbdd9c3a5fe0bc44bd8a5
- name: github.com/klauspost/cpuid
  version: ae832f27941af41db13bd6d8efd2493e3b22415a
  repo: https://github.com/klauspost/cpuid
- name: github.com/lucas-clemente/aes12
  version: cd47fb39b79f867c6e4e5cd39cf7abd799f71670
  repo: https://github.com/lucas-clemente/aes12
- name: github.com/lucas-clemente/quic-go
  version: da7708e47066ab0aff0f20f66b21c1f329db1eff
  repo: https://github.com/lucas-clemente/quic-go
  subpackages:
  - h2quic
  - internal/ackhandler
  - internal/congestion
  - internal/crypto
  - internal/flowcontrol
  - internal/handshake
  - internal/protocol
  - internal/utils
  - internal/wire
  - qerr
- name: github.com/lucas-clemente/quic-go-certificates
  version: d2f86524cced5186554df90d92529757d22c1cb6
  repo: https://github.com/lucas-clemente/quic-go-certificates
- name: github.com/mholt/caddy
  version: 1f7b5abc80679fb71ee0e04ed98cbe284b1fc181
  subpackages:
  - caddy/caddymain
  - caddyfile
  - caddyhttp
  - caddyhttp/basicauth
  - caddyhttp/bind
  - caddyhttp/browse
  - caddyhttp/errors
  - caddyhttp/expvar
  - caddyhttp/extensions
  - caddyhttp/fastcgi
  - caddyhttp/gzip
  - caddyhttp/header
  - caddyhttp/httpserver
  - caddyhttp/index
  - caddyhttp/internalsrv
  - caddyhttp/limits
  - caddyhttp/log
  - caddyhttp/markdown
  - caddyhttp/markdown/metadata
  - caddyhttp/markdown/summary
  - caddyhttp/mime
  - caddyhttp/pprof
  - caddyhttp/proxy
  - caddyhttp/push
  - caddyhttp/redirect
  - caddyhttp/requestid
  - caddyhttp/rewrite
  - caddyhttp/root
  - caddyhttp/staticfiles
  - caddyhttp/status
  - caddyhttp/templates
  - caddyhttp/timeouts
  - caddyhttp/websocket
  - caddytls
  - onevent
  - onevent/hook
  - telemetry
- name: github.com/Microsoft/go-winio
  version: 7da180ee92d8bd8bb8c37fc560e673e6557c392f
- name: github.com/miekg/dns
  version: 0f3adef2e2201d72e50309a36fc99d8a9d1a4960
  repo: https://github.com/miekg/dns
- name: github.com/naoina/go-stringutil
  version: 6b638e95a32d0c1131db0e7fe83775cbea4a0d0b
  repo: https://github.com/naoina/go-stringutil
- name: github.com/naoina/toml
  version: e6f5723bf2a66af014955e0888881314cf294129
  repo: https://github.com/naoina/toml
  subpackages:
  - ast
- name: github.com/opencontainers/go-digest
  version: 279bed98673dd5bef374d3b6e4b09e2af76183bf
- name: github.com/opencontainers/image-spec
  version: 149252121d044fddff670adcdc67f33148e16226
  subpackages:
  - specs-go
  - specs-go/v1
- name: github.com/pkg/errors
  version: 30136e27e2ac8d167177e8a583aa4c3fea5be833
- name: github.com/russross/blackfriday
  version: 067529f716f4c3f5e37c8c95ddd59df1007290ae
  repo: https://github.com/russross/blackfriday
- name: github.com/xenolf/lego
  version: fad2257e11ae4ff31ed03739386873aa405dec2d
  subpackages:
  - acme
  - acmev2
  - providers/dns/route53
- name: golang.org/x/crypto
  version: 94eea52f7b742c7cbe0b03b22f0c4c8631ece122
  repo: https://go.googlesource.com/crypto
  subpackages:
  - curve25519
  - ed25519
  - ed25519/internal/edwards25519
  - hkdf
  - ocsp
  - ssh/terminal
- name: golang.org/x/net
  version: f5079bd7f6f74e23c4d65efa0f4ce14cbd6a3c0f
  repo: https://go.googlesource.com/net
  subpackages:
  - context
  - context/ctxhttp
  - http2
  - http2/hpack
  - idna
  - lex/httplex
  - proxy
  - publicsuffix
- name: golang.org/x/sys
  version: 35ef4487ce0a1ea5d4b616ffe71e34febe723695
  repo: https://go.googlesource.com/sys
  subpackages:
  - unix
  - windows
- name: golang.org/x/text
  version: 836efe42bb4aa16aaa17b9c155d8813d336ed720
  repo: https://go.googlesource.com/text
  subpackages:
  - internal/gen
  - internal/triegen
  - internal/ucd
  - secure/bidirule
  - transform
  - unicode/bidi
  - unicode/cldr
  - unicode/norm
  - unicode/rangetable
- name: gopkg.in/natefinch/lumberjack.v2
  version: df99d62fd42d8b3752c8a42c6723555372c02a03
  repo: https://gopkg.in/natefinch/lumberjack.v2
- name: gopkg.in/square/go-jose.v1
  version: aa2e30fdd1fe9dd3394119af66451ae790d50e0d
  subpackages:
  - cipher
  - json
- name: gopkg.in/square/go-jose.v2
  version: 6ee92191fea850cdcab9a18867abf5f521cdbadb
  repo: https://gopkg.in/square/go-jose.v2
  subpackages:
  - cipher
  - json
- name: gopkg.in/yaml.v2
  version: 25c4ec802a7d637f88d584ab26798e94ad14c13b
  repo: https://gopkg.in/yaml.v2
testImports:
- name: github.com/davecgh/go-spew
  version: 8991bc29aa16c548c550c7ff78260e27b9ab7c73
  subpackages:
  - spew
- name: github.com/pmezard/go-difflib
  version: 792786c7400a136282c1664665ae0a8db921c6c2
  subpackages:
  - difflib
- name: github.com/stretchr/testify
  version: f35b8ab0b5a2cef36673838d662e249dd9c94686
  subpackages:
  - assert
