hash: b5a6e36e3fb54ec2ddac3bac5233c1771c157e9c8e2b82058f2a0e139a12a633
updated: 2017-07-01T20:22:11.4079288+02:00
imports:
- name: github.com/aead/chacha20
  version: d31a916ded42d1640b9d89a26f8abd53cc96790c
  repo: https://github.com/aead/chacha20
  subpackages:
  - chacha
- name: github.com/aws/aws-sdk-go
  version: 5327e5f9fb7f0115585c1f636282335e649f6c04
  subpackages:
  - aws
  - aws/awserr
  - aws/awsutil
  - aws/client
  - aws/client/metadata
  - aws/corehandlers
  - aws/credentials
  - aws/credentials/ec2rolecreds
  - aws/credentials/endpointcreds
  - aws/credentials/stscreds
  - aws/defaults
  - aws/ec2metadata
  - aws/endpoints
  - aws/request
  - aws/session
  - aws/signer/v4
  - internal/shareddefaults
  - private/protocol
  - private/protocol/query
  - private/protocol/query/queryutil
  - private/protocol/rest
  - private/protocol/restxml
  - private/protocol/xml/xmlutil
  - service/route53
  - service/sts
- name: github.com/caddyserver/dnsproviders
  version: 8a50b1c942195721140c88264f83beebf186ebca
  subpackages:
  - route53
- name: github.com/codahale/aesnicheck
  version: 349fcc471aaccc29cd074e1275f1a494323826cd
  repo: https://github.com/codahale/aesnicheck
- name: github.com/docker/distribution
  version: 1e2f10eb65743fed02f573d31a4587de09afb20e
  subpackages:
  - digestset
  - reference
- name: github.com/docker/docker
  version: 90d35abf7b3535c1c319c872900fbd76374e521c
  subpackages:
  - api
  - api/types
  - api/types/blkiodev
  - api/types/container
  - api/types/events
  - api/types/filters
  - api/types/image
  - api/types/mount
  - api/types/network
  - api/types/registry
  - api/types/strslice
  - api/types/swarm
  - api/types/time
  - api/types/versions
  - api/types/volume
  - client
  - pkg/ioutils
  - pkg/longpath
  - pkg/system
  - pkg/tlsconfig
- name: github.com/docker/go-connections
  version: e15c02316c12de00874640cd76311849de2aeed5
  subpackages:
  - nat
  - sockets
  - tlsconfig
- name: github.com/docker/go-units
  version: 0dadbb0345b35ec7ef35e228dabb8de89a65bf52
- name: github.com/docker/libtrust
  version: aabc10ec26b754e797f9028f4589c5b7bd90dc20
- name: github.com/dustin/go-humanize
  version: 259d2a102b871d17f30e3cd9881a642961a1e486
  repo: https://github.com/dustin/go-humanize
- name: github.com/flynn/go-shlex
  version: 3f9db97f856818214da2e1057f8ad84803971cff
  repo: https://github.com/flynn/go-shlex
- name: github.com/go-ini/ini
  version: d3de07a94d22b4a0972deb4b96d790c2c0ce8333
- name: github.com/gorilla/websocket
  version: a91eba7f97777409bc2c443f5534d41dd20c5720
  repo: https://github.com/gorilla/websocket
- name: github.com/hashicorp/go-syslog
  version: b609c7d9de4658cded34a7336b90886c56f9dbdb
  repo: https://github.com/hashicorp/go-syslog
- name: github.com/hashicorp/golang-lru
  version: 0a025b7e63adc15a622f29b0b2c4c3848243bbf6
  repo: https://github.com/hashicorp/golang-lru
  subpackages:
  - simplelru
- name: github.com/jimstudt/http-authentication
  version: 3eca13d6893afd7ecabe15f4445f5d2872a1b012
  repo: https://github.com/jimstudt/http-authentication
  subpackages:
  - basic
- name: github.com/jmespath/go-jmespath
  version: bd40a432e4c76585ef6b72d3fd96fb9b6dc7b68d
- name: github.com/lucas-clemente/aes12
  version: 25700e67be5c860bcc999137275b9ef8b65932bd
  repo: https://github.com/lucas-clemente/aes12
- name: github.com/lucas-clemente/fnv128a
  version: 393af48d391698c6ae4219566bfbdfef67269997
  repo: https://github.com/lucas-clemente/fnv128a
- name: github.com/lucas-clemente/quic-go
  version: 15a51c06c39df96b79076ddb7488e05ee222165c
  repo: https://github.com/lucas-clemente/quic-go
  subpackages:
  - ackhandler
  - congestion
  - crypto
  - flowcontrol
  - frames
  - h2quic
  - handshake
  - protocol
  - qerr
  - utils
- name: github.com/lucas-clemente/quic-go-certificates
  version: d2f86524cced5186554df90d92529757d22c1cb6
  repo: https://github.com/lucas-clemente/quic-go-certificates
- name: github.com/mholt/caddy
  version: f4b6f15e07b91976d6579c8445a3321dcc63d8ae
  subpackages:
  - caddy/caddymain
  - caddyfile
  - caddyhttp
  - caddyhttp/basicauth
  - caddyhttp/bind
  - caddyhttp/browse
  - caddyhttp/errors
  - caddyhttp/expvar
  - caddyhttp/extensions
  - caddyhttp/fastcgi
  - caddyhttp/gzip
  - caddyhttp/header
  - caddyhttp/httpserver
  - caddyhttp/index
  - caddyhttp/internalsrv
  - caddyhttp/limits
  - caddyhttp/log
  - caddyhttp/markdown
  - caddyhttp/markdown/metadata
  - caddyhttp/markdown/summary
  - caddyhttp/mime
  - caddyhttp/pprof
  - caddyhttp/proxy
  - caddyhttp/push
  - caddyhttp/redirect
  - caddyhttp/rewrite
  - caddyhttp/root
  - caddyhttp/staticfiles
  - caddyhttp/status
  - caddyhttp/templates
  - caddyhttp/timeouts
  - caddyhttp/websocket
  - caddytls
  - startupshutdown
- name: github.com/Microsoft/go-winio
  version: f533f7a102197536779ea3a8cb881d639e21ec5a
- name: github.com/miekg/dns
  version: 0c23f842c83e407f164c4dedae10077fef3612fe
  repo: https://github.com/miekg/dns
- name: github.com/naoina/go-stringutil
  version: 6b638e95a32d0c1131db0e7fe83775cbea4a0d0b
  repo: https://github.com/naoina/go-stringutil
- name: github.com/naoina/toml
  version: e6f5723bf2a66af014955e0888881314cf294129
  repo: https://github.com/naoina/toml
  subpackages:
  - ast
- name: github.com/opencontainers/go-digest
  version: 279bed98673dd5bef374d3b6e4b09e2af76183bf
- name: github.com/pkg/errors
  version: c605e284fe17294bda444b34710735b29d1a9d90
- name: github.com/russross/blackfriday
  version: 0ba0f2b6ed7c475a92e4df8641825cb7a11d1fa3
  repo: https://github.com/russross/blackfriday
- name: github.com/Sirupsen/logrus
  version: 85b1699d505667d13f8ac4478c1debbf85d6c5de
- name: github.com/stretchr/testify
  version: 69483b4bd14f5845b5a1e55bca19e954e827f1d0
  subpackages:
  - assert
- name: github.com/xenolf/lego
  version: aaa8e70aec58a858b6bef0706b367dd5e8d58128
  subpackages:
  - acme
  - providers/dns/route53
- name: golang.org/x/crypto
  version: 7e9105388ebff089b3f99f0ef676ea55a6da3a7e
  repo: https://go.googlesource.com/crypto
  subpackages:
  - acme
  - curve25519
  - hkdf
  - ocsp
  - ssh/terminal
- name: golang.org/x/net
  version: 48359f4f600b3a2d5cf657458e3f940021631a56
  repo: https://go.googlesource.com/net
  subpackages:
  - context
  - context/ctxhttp
  - http2
  - http2/hpack
  - idna
  - lex/httplex
  - proxy
  - publicsuffix
- name: golang.org/x/sys
  version: a55a76086885b80f79961eacb876ebd8caf3868d
  repo: https://go.googlesource.com/sys
  subpackages:
  - unix
  - windows
- name: golang.org/x/text
  version: 19e51611da83d6be54ddafce4a4af510cb3e9ea4
  repo: https://go.googlesource.com/text
  subpackages:
  - internal/gen
  - internal/triegen
  - internal/ucd
  - secure/bidirule
  - transform
  - unicode/bidi
  - unicode/cldr
  - unicode/norm
  - unicode/rangetable
- name: gopkg.in/natefinch/lumberjack.v2
  version: dd45e6a67c53f673bb49ca8a001fd3a63ceb640e
  repo: https://gopkg.in/natefinch/lumberjack.v2
- name: gopkg.in/square/go-jose.v1
  version: aa2e30fdd1fe9dd3394119af66451ae790d50e0d
  repo: https://gopkg.in/square/go-jose.v1
  subpackages:
  - cipher
  - json
- name: gopkg.in/yaml.v2
  version: cd8b52f8269e0feb286dfeef29f8fe4d5b397e0b
  repo: https://gopkg.in/yaml.v2
testImports:
- name: github.com/davecgh/go-spew
  version: 6d212800a42e8ab5c146b8ace3490ee17e5225f9
  subpackages:
  - spew
- name: github.com/pmezard/go-difflib
  version: d8ed2627bdf02c080bf22230dbb337003b7aba2d
  subpackages:
  - difflib
